// !$*UTF8*$!
{
	archiveVersion = 1;
	classes = {
	};
	objectVersion = 46;
	objects = {

/* Begin PBXBuildFile section */
		91AB7A3D107C26AE6E69D850 /* Pods_PassportCodingChallenge.framework in Frameworks */ = {isa = PBXBuildFile; fileRef = 0E266C64E3B956E254951BCC /* Pods_PassportCodingChallenge.framework */; };
		B5181ABB1E00778E0016833F /* AppDelegate.swift in Sources */ = {isa = PBXBuildFile; fileRef = B5181ABA1E00778E0016833F /* AppDelegate.swift */; };
		B5181ABD1E00778E0016833F /* MainViewController.swift in Sources */ = {isa = PBXBuildFile; fileRef = B5181ABC1E00778E0016833F /* MainViewController.swift */; };
		B5181AC01E00778E0016833F /* Main.storyboard in Resources */ = {isa = PBXBuildFile; fileRef = B5181ABE1E00778E0016833F /* Main.storyboard */; };
		B5181AC21E00778E0016833F /* Assets.xcassets in Resources */ = {isa = PBXBuildFile; fileRef = B5181AC11E00778E0016833F /* Assets.xcassets */; };
		B5181AC51E00778E0016833F /* LaunchScreen.storyboard in Resources */ = {isa = PBXBuildFile; fileRef = B5181AC31E00778E0016833F /* LaunchScreen.storyboard */; };
		B5181ACD1E00A7680016833F /* GoogleService-Info.plist in Resources */ = {isa = PBXBuildFile; fileRef = B5181ACC1E00A7680016833F /* GoogleService-Info.plist */; };
		B5181ACF1E00A7C50016833F /* UserProfile.swift in Sources */ = {isa = PBXBuildFile; fileRef = B5181ACE1E00A7C50016833F /* UserProfile.swift */; };
		B5181AD11E00A8D60016833F /* FirebaseAPI.swift in Sources */ = {isa = PBXBuildFile; fileRef = B5181AD01E00A8D60016833F /* FirebaseAPI.swift */; };
		B5181AD31E01D91A0016833F /* MainViewTableViewCell.swift in Sources */ = {isa = PBXBuildFile; fileRef = B5181AD21E01D91A0016833F /* MainViewTableViewCell.swift */; };
		B5181AD51E01E9120016833F /* Extensions.swift in Sources */ = {isa = PBXBuildFile; fileRef = B5181AD41E01E9120016833F /* Extensions.swift */; };
		B550DF911E02E64D00F81190 /* Constants.swift in Sources */ = {isa = PBXBuildFile; fileRef = B550DF901E02E64D00F81190 /* Constants.swift */; };
		B550DF931E02E83200F81190 /* ListNavBar.swift in Sources */ = {isa = PBXBuildFile; fileRef = B550DF921E02E83200F81190 /* ListNavBar.swift */; };
		B550DF951E02E92B00F81190 /* SorterView.swift in Sources */ = {isa = PBXBuildFile; fileRef = B550DF941E02E92B00F81190 /* SorterView.swift */; };
		B550DF971E02E94900F81190 /* AddProfileView.swift in Sources */ = {isa = PBXBuildFile; fileRef = B550DF961E02E94900F81190 /* AddProfileView.swift */; };
		B550DF9A1E03418D00F81190 /* UpdateView.swift in Sources */ = {isa = PBXBuildFile; fileRef = B550DF991E03418D00F81190 /* UpdateView.swift */; };
		FD054FE91E00D1660090C291 /* DataOrganizer.swift in Sources */ = {isa = PBXBuildFile; fileRef = FD054FE81E00D1660090C291 /* DataOrganizer.swift */; };
		FD054FEB1E00D3110090C291 /* MainTableViewModel.swift in Sources */ = {isa = PBXBuildFile; fileRef = FD054FEA1E00D3110090C291 /* MainTableViewModel.swift */; };
		FDCA9F301E022714009C8E49 /* DetailNavBar.swift in Sources */ = {isa = PBXBuildFile; fileRef = FDCA9F2F1E022714009C8E49 /* DetailNavBar.swift */; };
		FDCA9F351E022B2A009C8E49 /* GuideView.swift in Sources */ = {isa = PBXBuildFile; fileRef = FDCA9F341E022B2A009C8E49 /* GuideView.swift */; };
		FDCA9F371E022BD4009C8E49 /* DetailViewController.swift in Sources */ = {isa = PBXBuildFile; fileRef = FDCA9F361E022BD4009C8E49 /* DetailViewController.swift */; };
		FDCA9F3A1E022CA5009C8E49 /* DetailView.swift in Sources */ = {isa = PBXBuildFile; fileRef = FDCA9F391E022CA5009C8E49 /* DetailView.swift */; };
/* End PBXBuildFile section */

/* Begin PBXFileReference section */
		0E266C64E3B956E254951BCC /* Pods_PassportCodingChallenge.framework */ = {isa = PBXFileReference; explicitFileType = wrapper.framework; includeInIndex = 0; path = Pods_PassportCodingChallenge.framework; sourceTree = BUILT_PRODUCTS_DIR; };
		190D003ACBD77D2B72F7CE55 /* Pods-PassportCodingChallenge.debug.xcconfig */ = {isa = PBXFileReference; includeInIndex = 1; lastKnownFileType = text.xcconfig; name = "Pods-PassportCodingChallenge.debug.xcconfig"; path = "Pods/Target Support Files/Pods-PassportCodingChallenge/Pods-PassportCodingChallenge.debug.xcconfig"; sourceTree = "<group>"; };
		73988656F60547C22F9B8D4A /* Pods-PassportCodingChallenge.release.xcconfig */ = {isa = PBXFileReference; includeInIndex = 1; lastKnownFileType = text.xcconfig; name = "Pods-PassportCodingChallenge.release.xcconfig"; path = "Pods/Target Support Files/Pods-PassportCodingChallenge/Pods-PassportCodingChallenge.release.xcconfig"; sourceTree = "<group>"; };
		B5181AB71E00778E0016833F /* PassportCodingChallenge.app */ = {isa = PBXFileReference; explicitFileType = wrapper.application; includeInIndex = 0; path = PassportCodingChallenge.app; sourceTree = BUILT_PRODUCTS_DIR; };
		B5181ABA1E00778E0016833F /* AppDelegate.swift */ = {isa = PBXFileReference; lastKnownFileType = sourcecode.swift; path = AppDelegate.swift; sourceTree = "<group>"; };
		B5181ABC1E00778E0016833F /* MainViewController.swift */ = {isa = PBXFileReference; lastKnownFileType = sourcecode.swift; path = MainViewController.swift; sourceTree = "<group>"; };
		B5181ABF1E00778E0016833F /* Base */ = {isa = PBXFileReference; lastKnownFileType = file.storyboard; name = Base; path = Base.lproj/Main.storyboard; sourceTree = "<group>"; };
		B5181AC11E00778E0016833F /* Assets.xcassets */ = {isa = PBXFileReference; lastKnownFileType = folder.assetcatalog; path = Assets.xcassets; sourceTree = "<group>"; };
		B5181AC41E00778E0016833F /* Base */ = {isa = PBXFileReference; lastKnownFileType = file.storyboard; name = Base; path = Base.lproj/LaunchScreen.storyboard; sourceTree = "<group>"; };
		B5181AC61E00778E0016833F /* Info.plist */ = {isa = PBXFileReference; lastKnownFileType = text.plist.xml; path = Info.plist; sourceTree = "<group>"; };
		B5181ACC1E00A7680016833F /* GoogleService-Info.plist */ = {isa = PBXFileReference; fileEncoding = 4; lastKnownFileType = text.plist.xml; name = "GoogleService-Info.plist"; path = "../GoogleService-Info.plist"; sourceTree = "<group>"; };
		B5181ACE1E00A7C50016833F /* UserProfile.swift */ = {isa = PBXFileReference; fileEncoding = 4; lastKnownFileType = sourcecode.swift; path = UserProfile.swift; sourceTree = "<group>"; };
		B5181AD01E00A8D60016833F /* FirebaseAPI.swift */ = {isa = PBXFileReference; fileEncoding = 4; lastKnownFileType = sourcecode.swift; path = FirebaseAPI.swift; sourceTree = "<group>"; };
		B5181AD21E01D91A0016833F /* MainViewTableViewCell.swift */ = {isa = PBXFileReference; fileEncoding = 4; lastKnownFileType = sourcecode.swift; path = MainViewTableViewCell.swift; sourceTree = "<group>"; };
		B5181AD41E01E9120016833F /* Extensions.swift */ = {isa = PBXFileReference; fileEncoding = 4; lastKnownFileType = sourcecode.swift; path = Extensions.swift; sourceTree = "<group>"; };
		B550DF901E02E64D00F81190 /* Constants.swift */ = {isa = PBXFileReference; fileEncoding = 4; lastKnownFileType = sourcecode.swift; path = Constants.swift; sourceTree = "<group>"; };
		B550DF921E02E83200F81190 /* ListNavBar.swift */ = {isa = PBXFileReference; fileEncoding = 4; lastKnownFileType = sourcecode.swift; path = ListNavBar.swift; sourceTree = "<group>"; };
		B550DF941E02E92B00F81190 /* SorterView.swift */ = {isa = PBXFileReference; fileEncoding = 4; lastKnownFileType = sourcecode.swift; path = SorterView.swift; sourceTree = "<group>"; };
		B550DF961E02E94900F81190 /* AddProfileView.swift */ = {isa = PBXFileReference; fileEncoding = 4; lastKnownFileType = sourcecode.swift; path = AddProfileView.swift; sourceTree = "<group>"; };
		B550DF991E03418D00F81190 /* UpdateView.swift */ = {isa = PBXFileReference; fileEncoding = 4; lastKnownFileType = sourcecode.swift; path = UpdateView.swift; sourceTree = "<group>"; };
		FD054FE81E00D1660090C291 /* DataOrganizer.swift */ = {isa = PBXFileReference; fileEncoding = 4; lastKnownFileType = sourcecode.swift; path = DataOrganizer.swift; sourceTree = "<group>"; };
		FD054FEA1E00D3110090C291 /* MainTableViewModel.swift */ = {isa = PBXFileReference; fileEncoding = 4; lastKnownFileType = sourcecode.swift; path = MainTableViewModel.swift; sourceTree = "<group>"; };
		FDCA9F2F1E022714009C8E49 /* DetailNavBar.swift */ = {isa = PBXFileReference; fileEncoding = 4; lastKnownFileType = sourcecode.swift; path = DetailNavBar.swift; sourceTree = "<group>"; };
		FDCA9F341E022B2A009C8E49 /* GuideView.swift */ = {isa = PBXFileReference; fileEncoding = 4; lastKnownFileType = sourcecode.swift; path = GuideView.swift; sourceTree = "<group>"; };
		FDCA9F361E022BD4009C8E49 /* DetailViewController.swift */ = {isa = PBXFileReference; fileEncoding = 4; lastKnownFileType = sourcecode.swift; path = DetailViewController.swift; sourceTree = "<group>"; };
		FDCA9F391E022CA5009C8E49 /* DetailView.swift */ = {isa = PBXFileReference; fileEncoding = 4; lastKnownFileType = sourcecode.swift; path = DetailView.swift; sourceTree = "<group>"; };
/* End PBXFileReference section */

/* Begin PBXFrameworksBuildPhase section */
		B5181AB41E00778E0016833F /* Frameworks */ = {
			isa = PBXFrameworksBuildPhase;
			buildActionMask = 2147483647;
			files = (
				91AB7A3D107C26AE6E69D850 /* Pods_PassportCodingChallenge.framework in Frameworks */,
			);
			runOnlyForDeploymentPostprocessing = 0;
		};
/* End PBXFrameworksBuildPhase section */

/* Begin PBXGroup section */
		3504E58E5B46ADBB16737B63 /* Pods */ = {
			isa = PBXGroup;
			children = (
				190D003ACBD77D2B72F7CE55 /* Pods-PassportCodingChallenge.debug.xcconfig */,
				73988656F60547C22F9B8D4A /* Pods-PassportCodingChallenge.release.xcconfig */,
			);
			name = Pods;
			sourceTree = "<group>";
		};
		72FA04043C611FF15FB5F8CD /* Frameworks */ = {
			isa = PBXGroup;
			children = (
				0E266C64E3B956E254951BCC /* Pods_PassportCodingChallenge.framework */,
			);
			name = Frameworks;
			sourceTree = "<group>";
		};
		B5181AAE1E00778D0016833F = {
			isa = PBXGroup;
			children = (
				B5181AB91E00778E0016833F /* PassportCodingChallenge */,
				B5181AB81E00778E0016833F /* Products */,
				3504E58E5B46ADBB16737B63 /* Pods */,
				72FA04043C611FF15FB5F8CD /* Frameworks */,
			);
			sourceTree = "<group>";
		};
		B5181AB81E00778E0016833F /* Products */ = {
			isa = PBXGroup;
			children = (
				B5181AB71E00778E0016833F /* PassportCodingChallenge.app */,
			);
			name = Products;
			sourceTree = "<group>";
		};
		B5181AB91E00778E0016833F /* PassportCodingChallenge */ = {
			isa = PBXGroup;
			children = (
				B5181ABA1E00778E0016833F /* AppDelegate.swift */,
				B5181ABC1E00778E0016833F /* MainViewController.swift */,
				FDCA9F361E022BD4009C8E49 /* DetailViewController.swift */,
				FDCA9F331E0227E1009C8E49 /* View */,
				FDCA9F311E02271D009C8E49 /* Model */,
				FDCA9F321E0227C3009C8E49 /* SupportFiles */,
			);
			path = PassportCodingChallenge;
			sourceTree = "<group>";
		};
		FD054FEC1E00D31B0090C291 /* MainView */ = {
			isa = PBXGroup;
			children = (
				B550DF921E02E83200F81190 /* ListNavBar.swift */,
				FD054FEA1E00D3110090C291 /* MainTableViewModel.swift */,
				B5181AD21E01D91A0016833F /* MainViewTableViewCell.swift */,
				B550DF961E02E94900F81190 /* AddProfileView.swift */,
				B550DF941E02E92B00F81190 /* SorterView.swift */,
			);
			name = MainView;
			sourceTree = "<group>";
		};
		FDCA9F311E02271D009C8E49 /* Model */ = {
			isa = PBXGroup;
			children = (
				FD054FE81E00D1660090C291 /* DataOrganizer.swift */,
				B5181ACE1E00A7C50016833F /* UserProfile.swift */,
			);
			name = Model;
			sourceTree = "<group>";
		};
		FDCA9F321E0227C3009C8E49 /* SupportFiles */ = {
			isa = PBXGroup;
			children = (
				B5181AD01E00A8D60016833F /* FirebaseAPI.swift */,
				B5181AD41E01E9120016833F /* Extensions.swift */,
				B550DF901E02E64D00F81190 /* Constants.swift */,
				B5181ABE1E00778E0016833F /* Main.storyboard */,
				B5181AC31E00778E0016833F /* LaunchScreen.storyboard */,
				B5181AC11E00778E0016833F /* Assets.xcassets */,
				B5181AC61E00778E0016833F /* Info.plist */,
				B5181ACC1E00A7680016833F /* GoogleService-Info.plist */,
			);
			name = SupportFiles;
			sourceTree = "<group>";
		};
		FDCA9F331E0227E1009C8E49 /* View */ = {
			isa = PBXGroup;
			children = (
				FDCA9F341E022B2A009C8E49 /* GuideView.swift */,
				FD054FEC1E00D31B0090C291 /* MainView */,
				FDCA9F381E022C82009C8E49 /* DetailView */,
			);
			name = View;
			sourceTree = "<group>";
		};
		FDCA9F381E022C82009C8E49 /* DetailView */ = {
			isa = PBXGroup;
			children = (
				FDCA9F2F1E022714009C8E49 /* DetailNavBar.swift */,
				FDCA9F391E022CA5009C8E49 /* DetailView.swift */,
				B550DF991E03418D00F81190 /* UpdateView.swift */,
			);
			name = DetailView;
			sourceTree = "<group>";
		};
/* End PBXGroup section */

/* Begin PBXNativeTarget section */
		B5181AB61E00778E0016833F /* PassportCodingChallenge */ = {
			isa = PBXNativeTarget;
			buildConfigurationList = B5181AC91E00778E0016833F /* Build configuration list for PBXNativeTarget "PassportCodingChallenge" */;
			buildPhases = (
				DE6AB6459514BDD77B036E7F /* [CP] Check Pods Manifest.lock */,
				B5181AB31E00778E0016833F /* Sources */,
				B5181AB41E00778E0016833F /* Frameworks */,
				B5181AB51E00778E0016833F /* Resources */,
				D471C868047A020BD69E8076 /* [CP] Embed Pods Frameworks */,
				92659F604A1E9E24A814D8EB /* [CP] Copy Pods Resources */,
			);
			buildRules = (
			);
			dependencies = (
			);
			name = PassportCodingChallenge;
			productName = PassportCodingChallenge;
			productReference = B5181AB71E00778E0016833F /* PassportCodingChallenge.app */;
			productType = "com.apple.product-type.application";
		};
/* End PBXNativeTarget section */

/* Begin PBXProject section */
		B5181AAF1E00778D0016833F /* Project object */ = {
			isa = PBXProject;
			attributes = {
				LastSwiftUpdateCheck = 0810;
				LastUpgradeCheck = 0810;
				ORGANIZATIONNAME = "Benjamin Su";
				TargetAttributes = {
					B5181AB61E00778E0016833F = {
						CreatedOnToolsVersion = 8.1;
						ProvisioningStyle = Automatic;
					};
				};
			};
			buildConfigurationList = B5181AB21E00778D0016833F /* Build configuration list for PBXProject "PassportCodingChallenge" */;
			compatibilityVersion = "Xcode 3.2";
			developmentRegion = English;
			hasScannedForEncodings = 0;
			knownRegions = (
				en,
				Base,
			);
			mainGroup = B5181AAE1E00778D0016833F;
			productRefGroup = B5181AB81E00778E0016833F /* Products */;
			projectDirPath = "";
			projectRoot = "";
			targets = (
				B5181AB61E00778E0016833F /* PassportCodingChallenge */,
			);
		};
/* End PBXProject section */

/* Begin PBXResourcesBuildPhase section */
		B5181AB51E00778E0016833F /* Resources */ = {
			isa = PBXResourcesBuildPhase;
			buildActionMask = 2147483647;
			files = (
				B5181AC51E00778E0016833F /* LaunchScreen.storyboard in Resources */,
				B5181ACD1E00A7680016833F /* GoogleService-Info.plist in Resources */,
				B5181AC21E00778E0016833F /* Assets.xcassets in Resources */,
				B5181AC01E00778E0016833F /* Main.storyboard in Resources */,
			);
			runOnlyForDeploymentPostprocessing = 0;
		};
/* End PBXResourcesBuildPhase section */

/* Begin PBXShellScriptBuildPhase section */
		92659F604A1E9E24A814D8EB /* [CP] Copy Pods Resources */ = {
			isa = PBXShellScriptBuildPhase;
			buildActionMask = 2147483647;
			files = (
			);
			inputPaths = (
			);
			name = "[CP] Copy Pods Resources";
			outputPaths = (
			);
			runOnlyForDeploymentPostprocessing = 0;
			shellPath = /bin/sh;
			shellScript = "\"${SRCROOT}/Pods/Target Support Files/Pods-PassportCodingChallenge/Pods-PassportCodingChallenge-resources.sh\"\n";
			showEnvVarsInLog = 0;
		};
		D471C868047A020BD69E8076 /* [CP] Embed Pods Frameworks */ = {
			isa = PBXShellScriptBuildPhase;
			buildActionMask = 2147483647;
			files = (
			);
			inputPaths = (
			);
			name = "[CP] Embed Pods Frameworks";
			outputPaths = (
			);
			runOnlyForDeploymentPostprocessing = 0;
			shellPath = /bin/sh;
			shellScript = "\"${SRCROOT}/Pods/Target Support Files/Pods-PassportCodingChallenge/Pods-PassportCodingChallenge-frameworks.sh\"\n";
			showEnvVarsInLog = 0;
		};
		DE6AB6459514BDD77B036E7F /* [CP] Check Pods Manifest.lock */ = {
			isa = PBXShellScriptBuildPhase;
			buildActionMask = 2147483647;
			files = (
			);
			inputPaths = (
			);
			name = "[CP] Check Pods Manifest.lock";
			outputPaths = (
			);
			runOnlyForDeploymentPostprocessing = 0;
			shellPath = /bin/sh;
			shellScript = "diff \"${PODS_ROOT}/../Podfile.lock\" \"${PODS_ROOT}/Manifest.lock\" > /dev/null\nif [ $? != 0 ] ; then\n    # print error to STDERR\n    echo \"error: The sandbox is not in sync with the Podfile.lock. Run 'pod install' or update your CocoaPods installation.\" >&2\n    exit 1\nfi\n";
			showEnvVarsInLog = 0;
		};
/* End PBXShellScriptBuildPhase section */

/* Begin PBXSourcesBuildPhase section */
		B5181AB31E00778E0016833F /* Sources */ = {
			isa = PBXSourcesBuildPhase;
			buildActionMask = 2147483647;
			files = (
				FDCA9F371E022BD4009C8E49 /* DetailViewController.swift in Sources */,
				FDCA9F3A1E022CA5009C8E49 /* DetailView.swift in Sources */,
				B550DF951E02E92B00F81190 /* SorterView.swift in Sources */,
				B5181ABD1E00778E0016833F /* MainViewController.swift in Sources */,
				B550DF9A1E03418D00F81190 /* UpdateView.swift in Sources */,
				B550DF971E02E94900F81190 /* AddProfileView.swift in Sources */,
				FD054FE91E00D1660090C291 /* DataOrganizer.swift in Sources */,
				B5181ABB1E00778E0016833F /* AppDelegate.swift in Sources */,
				B5181AD51E01E9120016833F /* Extensions.swift in Sources */,
				B5181ACF1E00A7C50016833F /* UserProfile.swift in Sources */,
				B550DF931E02E83200F81190 /* ListNavBar.swift in Sources */,
				B550DF911E02E64D00F81190 /* Constants.swift in Sources */,
				FDCA9F301E022714009C8E49 /* DetailNavBar.swift in Sources */,
				B5181AD31E01D91A0016833F /* MainViewTableViewCell.swift in Sources */,
				B5181AD11E00A8D60016833F /* FirebaseAPI.swift in Sources */,
				FD054FEB1E00D3110090C291 /* MainTableViewModel.swift in Sources */,
				FDCA9F351E022B2A009C8E49 /* GuideView.swift in Sources */,
			);
			runOnlyForDeploymentPostprocessing = 0;
		};
/* End PBXSourcesBuildPhase section */

/* Begin PBXVariantGroup section */
		B5181ABE1E00778E0016833F /* Main.storyboard */ = {
			isa = PBXVariantGroup;
			children = (
				B5181ABF1E00778E0016833F /* Base */,
			);
			name = Main.storyboard;
			sourceTree = "<group>";
		};
		B5181AC31E00778E0016833F /* LaunchScreen.storyboard */ = {
			isa = PBXVariantGroup;
			children = (
				B5181AC41E00778E0016833F /* Base */,
			);
			name = LaunchScreen.storyboard;
			sourceTree = "<group>";
		};
/* End PBXVariantGroup section */

/* Begin XCBuildConfiguration section */
		B5181AC71E00778E0016833F /* Debug */ = {
			isa = XCBuildConfiguration;
			buildSettings = {
				ALWAYS_SEARCH_USER_PATHS = NO;
				CLANG_ANALYZER_NONNULL = YES;
				CLANG_CXX_LANGUAGE_STANDARD = "gnu++0x";
				CLANG_CXX_LIBRARY = "libc++";
				CLANG_ENABLE_MODULES = YES;
				CLANG_ENABLE_OBJC_ARC = YES;
				CLANG_WARN_BOOL_CONVERSION = YES;
				CLANG_WARN_CONSTANT_CONVERSION = YES;
				CLANG_WARN_DIRECT_OBJC_ISA_USAGE = YES_ERROR;
				CLANG_WARN_DOCUMENTATION_COMMENTS = YES;
				CLANG_WARN_EMPTY_BODY = YES;
				CLANG_WARN_ENUM_CONVERSION = YES;
				CLANG_WARN_INFINITE_RECURSION = YES;
				CLANG_WARN_INT_CONVERSION = YES;
				CLANG_WARN_OBJC_ROOT_CLASS = YES_ERROR;
				CLANG_WARN_SUSPICIOUS_MOVES = YES;
				CLANG_WARN_UNREACHABLE_CODE = YES;
				CLANG_WARN__DUPLICATE_METHOD_MATCH = YES;
				"CODE_SIGN_IDENTITY[sdk=iphoneos*]" = "iPhone Developer";
				COPY_PHASE_STRIP = NO;
				DEBUG_INFORMATION_FORMAT = dwarf;
				ENABLE_STRICT_OBJC_MSGSEND = YES;
				ENABLE_TESTABILITY = YES;
				GCC_C_LANGUAGE_STANDARD = gnu99;
				GCC_DYNAMIC_NO_PIC = NO;
				GCC_NO_COMMON_BLOCKS = YES;
				GCC_OPTIMIZATION_LEVEL = 0;
				GCC_PREPROCESSOR_DEFINITIONS = (
					"DEBUG=1",
					"$(inherited)",
				);
				GCC_WARN_64_TO_32_BIT_CONVERSION = YES;
				GCC_WARN_ABOUT_RETURN_TYPE = YES_ERROR;
				GCC_WARN_UNDECLARED_SELECTOR = YES;
				GCC_WARN_UNINITIALIZED_AUTOS = YES_AGGRESSIVE;
				GCC_WARN_UNUSED_FUNCTION = YES;
				GCC_WARN_UNUSED_VARIABLE = YES;
				IPHONEOS_DEPLOYMENT_TARGET = 10.1;
				MTL_ENABLE_DEBUG_INFO = YES;
				ONLY_ACTIVE_ARCH = YES;
				SDKROOT = iphoneos;
				SWIFT_ACTIVE_COMPILATION_CONDITIONS = DEBUG;
				SWIFT_OPTIMIZATION_LEVEL = "-Onone";
			};
			name = Debug;
		};
		B5181AC81E00778E0016833F /* Release */ = {
			isa = XCBuildConfiguration;
			buildSettings = {
				ALWAYS_SEARCH_USER_PATHS = NO;
				CLANG_ANALYZER_NONNULL = YES;
				CLANG_CXX_LANGUAGE_STANDARD = "gnu++0x";
				CLANG_CXX_LIBRARY = "libc++";
				CLANG_ENABLE_MODULES = YES;
				CLANG_ENABLE_OBJC_ARC = YES;
				CLANG_WARN_BOOL_CONVERSION = YES;
				CLANG_WARN_CONSTANT_CONVERSION = YES;
				CLANG_WARN_DIRECT_OBJC_ISA_USAGE = YES_ERROR;
				CLANG_WARN_DOCUMENTATION_COMMENTS = YES;
				CLANG_WARN_EMPTY_BODY = YES;
				CLANG_WARN_ENUM_CONVERSION = YES;
				CLANG_WARN_INFINITE_RECURSION = YES;
				CLANG_WARN_INT_CONVERSION = YES;
				CLANG_WARN_OBJC_ROOT_CLASS = YES_ERROR;
				CLANG_WARN_SUSPICIOUS_MOVES = YES;
				CLANG_WARN_UNREACHABLE_CODE = YES;
				CLANG_WARN__DUPLICATE_METHOD_MATCH = YES;
				"CODE_SIGN_IDENTITY[sdk=iphoneos*]" = "iPhone Developer";
				COPY_PHASE_STRIP = NO;
				DEBUG_INFORMATION_FORMAT = "dwarf-with-dsym";
				ENABLE_NS_ASSERTIONS = NO;
				ENABLE_STRICT_OBJC_MSGSEND = YES;
				GCC_C_LANGUAGE_STANDARD = gnu99;
				GCC_NO_COMMON_BLOCKS = YES;
				GCC_WARN_64_TO_32_BIT_CONVERSION = YES;
				GCC_WARN_ABOUT_RETURN_TYPE = YES_ERROR;
				GCC_WARN_UNDECLARED_SELECTOR = YES;
				GCC_WARN_UNINITIALIZED_AUTOS = YES_AGGRESSIVE;
				GCC_WARN_UNUSED_FUNCTION = YES;
				GCC_WARN_UNUSED_VARIABLE = YES;
				IPHONEOS_DEPLOYMENT_TARGET = 10.1;
				MTL_ENABLE_DEBUG_INFO = NO;
				SDKROOT = iphoneos;
				SWIFT_OPTIMIZATION_LEVEL = "-Owholemodule";
				VALIDATE_PRODUCT = YES;
			};
			name = Release;
		};
		B5181ACA1E00778E0016833F /* Debug */ = {
			isa = XCBuildConfiguration;
			baseConfigurationReference = 190D003ACBD77D2B72F7CE55 /* Pods-PassportCodingChallenge.debug.xcconfig */;
			buildSettings = {
				ASSETCATALOG_COMPILER_APPICON_NAME = AppIcon;
				INFOPLIST_FILE = PassportCodingChallenge/Info.plist;
				LD_RUNPATH_SEARCH_PATHS = "$(inherited) @executable_path/Frameworks";
				PRODUCT_BUNDLE_IDENTIFIER = BS.PassportCodingChallenge;
				PRODUCT_NAME = "$(TARGET_NAME)";
				SWIFT_VERSION = 3.0;
			};
			name = Debug;
		};
		B5181ACB1E00778E0016833F /* Release */ = {
			isa = XCBuildConfiguration;
			baseConfigurationReference = 73988656F60547C22F9B8D4A /* Pods-PassportCodingChallenge.release.xcconfig */;
			buildSettings = {
				ASSETCATALOG_COMPILER_APPICON_NAME = AppIcon;
				INFOPLIST_FILE = PassportCodingChallenge/Info.plist;
				LD_RUNPATH_SEARCH_PATHS = "$(inherited) @executable_path/Frameworks";
				PRODUCT_BUNDLE_IDENTIFIER = BS.PassportCodingChallenge;
				PRODUCT_NAME = "$(TARGET_NAME)";
				SWIFT_VERSION = 3.0;
			};
			name = Release;
		};
/* End XCBuildConfiguration section */

/* Begin XCConfigurationList section */
		B5181AB21E00778D0016833F /* Build configuration list for PBXProject "PassportCodingChallenge" */ = {
			isa = XCConfigurationList;
			buildConfigurations = (
				B5181AC71E00778E0016833F /* Debug */,
				B5181AC81E00778E0016833F /* Release */,
			);
			defaultConfigurationIsVisible = 0;
			defaultConfigurationName = Release;
		};
		B5181AC91E00778E0016833F /* Build configuration list for PBXNativeTarget "PassportCodingChallenge" */ = {
			isa = XCConfigurationList;
			buildConfigurations = (
				B5181ACA1E00778E0016833F /* Debug */,
				B5181ACB1E00778E0016833F /* Release */,
			);
			defaultConfigurationIsVisible = 0;
			defaultConfigurationName = Release;
		};
/* End XCConfigurationList section */
	};
	rootObject = B5181AAF1E00778D0016833F /* Project object */;
}
